Microsoft Visual Studio Solution File, Format Version 12.00
# Visual Studio Version 18
VisualStudioVersion = 18.0.11205.157 d18.0
MinimumVisualStudioVersion = 10.0.40219.1
Project("{FAE04EC0-301F-11D3-BF4B-00C04F79EFBC}") = "SimpleBot", "SimpleBot\SimpleBot.csproj", "{4824342E-229C-319E-8BA2-A6205ED340B0}"
EndProject
Project("{FAE04EC0-301F-11D3-BF4B-00C04F79EFBC}") = "ComplexBot", "ComplexBot\ComplexBot.csproj", "{DA4D2E3E-8422-15B2-B4F6-60A9231E46F4}"
EndProject
Global
	GlobalSection(SolutionConfigurationPlatforms) = preSolution
		Debug|Any CPU = Debug|Any CPU
		Release|Any CPU = Release|Any CPU
	EndGlobalSection
	GlobalSection(ProjectConfigurationPlatforms) = postSolution
		{4824342E-229C-319E-8BA2-A6205ED340B0}.Debug|Any CPU.ActiveCfg = Debug|Any CPU
		{4824342E-229C-319E-8BA2-A6205ED340B0}.Debug|Any CPU.Build.0 = Debug|Any CPU
		{4824342E-229C-319E-8BA2-A6205ED340B0}.Release|Any CPU.ActiveCfg = Release|Any CPU
		{4824342E-229C-319E-8BA2-A6205ED340B0}.Release|Any CPU.Build.0 = Release|Any CPU
		{DA4D2E3E-8422-15B2-B4F6-60A9231E46F4}.Debug|Any CPU.ActiveCfg = Debug|Any CPU
		{DA4D2E3E-8422-15B2-B4F6-60A9231E46F4}.Debug|Any CPU.Build.0 = Debug|Any CPU
		{DA4D2E3E-8422-15B2-B4F6-60A9231E46F4}.Release|Any CPU.ActiveCfg = Release|Any CPU
		{DA4D2E3E-8422-15B2-B4F6-60A9231E46F4}.Release|Any CPU.Build.0 = Release|Any CPU
	EndGlobalSection
	GlobalSection(SolutionProperties) = preSolution
		HideSolutionNode = FALSE
	EndGlobalSection
	GlobalSection(ExtensibilityGlobals) = postSolution
		SolutionGuid = {A37DA0ED-9F66-469C-889A-A5BAA2F67989}
	EndGlobalSection
EndGlobal
